{
  "name": "@jaylamping/defrag",
  "version": "0.0.1",
  "lockfileVersion": 3,
  "requires": true,
  "packages": {
    "": {
      "name": "@jaylamping/defrag",
      "version": "0.0.1",
      "bin": {
        "defrag": "src/cli.js"
      },
      "engines": {
        "node": ">=24"
      }
    }
  }
}
